// !$*UTF8*$!
{
	archiveVersion = 1;
	classes = {
	};
	objectVersion = 46;
	objects = {

/* Begin PBXBuildFile section */
		D32103C01DAD249E0008FCAF /* Game_Main.swift in Sources */ = {isa = PBXBuildFile; fileRef = D32103BF1DAD249E0008FCAF /* Game_Main.swift */; };
		D32103C41DAD29BE0008FCAF /* ColorHolder.swift in Sources */ = {isa = PBXBuildFile; fileRef = D32103C31DAD29BE0008FCAF /* ColorHolder.swift */; };
		D3229CA71DAFD3F400B59B3E /* DrawableView.swift in Sources */ = {isa = PBXBuildFile; fileRef = D3229CA61DAFD3F400B59B3E /* DrawableView.swift */; };
		D3229CA91DAFD74F00B59B3E /* Line.swift in Sources */ = {isa = PBXBuildFile; fileRef = D3229CA81DAFD74F00B59B3E /* Line.swift */; };
		D3F802781DA2A7C7002456A3 /* AppDelegate.swift in Sources */ = {isa = PBXBuildFile; fileRef = D3F802771DA2A7C7002456A3 /* AppDelegate.swift */; };
		D3F8027A1DA2A7C7002456A3 /* ViewController.swift in Sources */ = {isa = PBXBuildFile; fileRef = D3F802791DA2A7C7002456A3 /* ViewController.swift */; };
		D3F8027D1DA2A7C7002456A3 /* Main.storyboard in Resources */ = {isa = PBXBuildFile; fileRef = D3F8027B1DA2A7C7002456A3 /* Main.storyboard */; };
		D3F8027F1DA2A7C7002456A3 /* Assets.xcassets in Resources */ = {isa = PBXBuildFile; fileRef = D3F8027E1DA2A7C7002456A3 /* Assets.xcassets */; };
		D3F802821DA2A7C7002456A3 /* LaunchScreen.storyboard in Resources */ = {isa = PBXBuildFile; fileRef = D3F802801DA2A7C7002456A3 /* LaunchScreen.storyboard */; };
/* End PBXBuildFile section */

/* Begin PBXFileReference section */
		D32103BF1DAD249E0008FCAF /* Game_Main.swift */ = {isa = PBXFileReference; fileEncoding = 4; lastKnownFileType = sourcecode.swift; path = Game_Main.swift; sourceTree = "<group>"; };
		D32103C31DAD29BE0008FCAF /* ColorHolder.swift */ = {isa = PBXFileReference; fileEncoding = 4; lastKnownFileType = sourcecode.swift; path = ColorHolder.swift; sourceTree = "<group>"; };
		D3229CA61DAFD3F400B59B3E /* DrawableView.swift */ = {isa = PBXFileReference; fileEncoding = 4; lastKnownFileType = sourcecode.swift; path = DrawableView.swift; sourceTree = "<group>"; };
		D3229CA81DAFD74F00B59B3E /* Line.swift */ = {isa = PBXFileReference; fileEncoding = 4; lastKnownFileType = sourcecode.swift; path = Line.swift; sourceTree = "<group>"; };
		D3F802741DA2A7C7002456A3 /* AboutME.app */ = {isa = PBXFileReference; explicitFileType = wrapper.application; includeInIndex = 0; path = AboutME.app; sourceTree = BUILT_PRODUCTS_DIR; };
		D3F802771DA2A7C7002456A3 /* AppDelegate.swift */ = {isa = PBXFileReference; lastKnownFileType = sourcecode.swift; path = AppDelegate.swift; sourceTree = "<group>"; };
		D3F802791DA2A7C7002456A3 /* ViewController.swift */ = {isa = PBXFileReference; lastKnownFileType = sourcecode.swift; path = ViewController.swift; sourceTree = "<group>"; };
		D3F8027C1DA2A7C7002456A3 /* Base */ = {isa = PBXFileReference; lastKnownFileType = file.storyboard; name = Base; path = Base.lproj/Main.storyboard; sourceTree = "<group>"; };
		D3F8027E1DA2A7C7002456A3 /* Assets.xcassets */ = {isa = PBXFileReference; lastKnownFileType = folder.assetcatalog; path = Assets.xcassets; sourceTree = "<group>"; };
		D3F802811DA2A7C7002456A3 /* Base */ = {isa = PBXFileReference; lastKnownFileType = file.storyboard; name = Base; path = Base.lproj/LaunchScreen.storyboard; sourceTree = "<group>"; };
		D3F802831DA2A7C7002456A3 /* Info.plist */ = {isa = PBXFileReference; lastKnownFileType = text.plist.xml; path = Info.plist; sourceTree = "<group>"; };
/* End PBXFileReference section */

/* Begin PBXFrameworksBuildPhase section */
		D3F802711DA2A7C7002456A3 /* Frameworks */ = {
			isa = PBXFrameworksBuildPhase;
			buildActionMask = 2147483647;
			files = (
			);
			runOnlyForDeploymentPostprocessing = 0;
		};
/* End PBXFrameworksBuildPhase section */

/* Begin PBXGroup section */
		D3F8026B1DA2A7C7002456A3 = {
			isa = PBXGroup;
			children = (
				D3F802761DA2A7C7002456A3 /* AboutME */,
				D3F802751DA2A7C7002456A3 /* Products */,
			);
			sourceTree = "<group>";
		};
		D3F802751DA2A7C7002456A3 /* Products */ = {
			isa = PBXGroup;
			children = (
				D3F802741DA2A7C7002456A3 /* AboutME.app */,
			);
			name = Products;
			sourceTree = "<group>";
		};
		D3F802761DA2A7C7002456A3 /* AboutME */ = {
			isa = PBXGroup;
			children = (
				D3F8028A1DA2A839002456A3 /* Controller */,
				D3F8028B1DA2A855002456A3 /* View */,
				D3F8027E1DA2A7C7002456A3 /* Assets.xcassets */,
				D3F802831DA2A7C7002456A3 /* Info.plist */,
			);
			path = AboutME;
			sourceTree = "<group>";
		};
		D3F8028A1DA2A839002456A3 /* Controller */ = {
			isa = PBXGroup;
			children = (
				D3F802771DA2A7C7002456A3 /* AppDelegate.swift */,
				D3F802791DA2A7C7002456A3 /* ViewController.swift */,
				D32103BF1DAD249E0008FCAF /* Game_Main.swift */,
				D32103C31DAD29BE0008FCAF /* ColorHolder.swift */,
				D3229CA61DAFD3F400B59B3E /* DrawableView.swift */,
				D3229CA81DAFD74F00B59B3E /* Line.swift */,
			);
			name = Controller;
			sourceTree = "<group>";
		};
		D3F8028B1DA2A855002456A3 /* View */ = {
			isa = PBXGroup;
			children = (
				D3F8027B1DA2A7C7002456A3 /* Main.storyboard */,
				D3F802801DA2A7C7002456A3 /* LaunchScreen.storyboard */,
			);
			name = View;
			sourceTree = "<group>";
		};
/* End PBXGroup section */

/* Begin PBXNativeTarget section */
		D3F802731DA2A7C7002456A3 /* AboutME */ = {
			isa = PBXNativeTarget;
			buildConfigurationList = D3F802861DA2A7C7002456A3 /* Build configuration list for PBXNativeTarget "AboutME" */;
			buildPhases = (
				D3F802701DA2A7C7002456A3 /* Sources */,
				D3F802711DA2A7C7002456A3 /* Frameworks */,
				D3F802721DA2A7C7002456A3 /* Resources */,
			);
			buildRules = (
			);
			dependencies = (
			);
			name = AboutME;
			productName = AboutME;
			productReference = D3F802741DA2A7C7002456A3 /* AboutME.app */;
			productType = "com.apple.product-type.application";
		};
/* End PBXNativeTarget section */

/* Begin PBXProject section */
		D3F8026C1DA2A7C7002456A3 /* Project object */ = {
			isa = PBXProject;
			attributes = {
				LastSwiftUpdateCheck = 0720;
				LastUpgradeCheck = 0720;
				ORGANIZATIONNAME = CTEC;
				TargetAttributes = {
					D3F802731DA2A7C7002456A3 = {
						CreatedOnToolsVersion = 7.2;
					};
				};
			};
			buildConfigurationList = D3F8026F1DA2A7C7002456A3 /* Build configuration list for PBXProject "AboutME" */;
			compatibilityVersion = "Xcode 3.2";
			developmentRegion = English;
			hasScannedForEncodings = 0;
			knownRegions = (
				en,
				Base,
			);
			mainGroup = D3F8026B1DA2A7C7002456A3;
			productRefGroup = D3F802751DA2A7C7002456A3 /* Products */;
			projectDirPath = "";
			projectRoot = "";
			targets = (
				D3F802731DA2A7C7002456A3 /* AboutME */,
			);
		};
/* End PBXProject section */

/* Begin PBXResourcesBuildPhase section */
		D3F802721DA2A7C7002456A3 /* Resources */ = {
			isa = PBXResourcesBuildPhase;
			buildActionMask = 2147483647;
			files = (
				D3F802821DA2A7C7002456A3 /* LaunchScreen.storyboard in Resources */,
				D3F8027F1DA2A7C7002456A3 /* Assets.xcassets in Resources */,
				D3F8027D1DA2A7C7002456A3 /* Main.storyboard in Resources */,
			);
			runOnlyForDeploymentPostprocessing = 0;
		};
/* End PBXResourcesBuildPhase section */

/* Begin PBXSourcesBuildPhase section */
		D3F802701DA2A7C7002456A3 /* Sources */ = {
			isa = PBXSourcesBuildPhase;
			buildActionMask = 2147483647;
			files = (
				D32103C01DAD249E0008FCAF /* Game_Main.swift in Sources */,
				D32103C41DAD29BE0008FCAF /* ColorHolder.swift in Sources */,
				D3229CA71DAFD3F400B59B3E /* DrawableView.swift in Sources */,
				D3229CA91DAFD74F00B59B3E /* Line.swift in Sources */,
				D3F8027A1DA2A7C7002456A3 /* ViewController.swift in Sources */,
				D3F802781DA2A7C7002456A3 /* AppDelegate.swift in Sources */,
			);
			runOnlyForDeploymentPostprocessing = 0;
		};
/* End PBXSourcesBuildPhase section */

/* Begin PBXVariantGroup section */
		D3F8027B1DA2A7C7002456A3 /* Main.storyboard */ = {
			isa = PBXVariantGroup;
			children = (
				D3F8027C1DA2A7C7002456A3 /* Base */,
			);
			name = Main.storyboard;
			sourceTree = "<group>";
		};
		D3F802801DA2A7C7002456A3 /* LaunchScreen.storyboard */ = {
			isa = PBXVariantGroup;
			children = (
				D3F802811DA2A7C7002456A3 /* Base */,
			);
			name = LaunchScreen.storyboard;
			sourceTree = "<group>";
		};
/* End PBXVariantGroup section */

/* Begin XCBuildConfiguration section */
		D3F802841DA2A7C7002456A3 /* Debug */ = {
			isa = XCBuildConfiguration;
			buildSettings = {
				ALWAYS_SEARCH_USER_PATHS = NO;
				CLANG_CXX_LANGUAGE_STANDARD = "gnu++0x";
				CLANG_CXX_LIBRARY = "libc++";
				CLANG_ENABLE_MODULES = YES;
				CLANG_ENABLE_OBJC_ARC = YES;
				CLANG_WARN_BOOL_CONVERSION = YES;
				CLANG_WARN_CONSTANT_CONVERSION = YES;
				CLANG_WARN_DIRECT_OBJC_ISA_USAGE = YES_ERROR;
				CLANG_WARN_EMPTY_BODY = YES;
				CLANG_WARN_ENUM_CONVERSION = YES;
				CLANG_WARN_INT_CONVERSION = YES;
				CLANG_WARN_OBJC_ROOT_CLASS = YES_ERROR;
				CLANG_WARN_UNREACHABLE_CODE = YES;
				CLANG_WARN__DUPLICATE_METHOD_MATCH = YES;
				"CODE_SIGN_IDENTITY[sdk=iphoneos*]" = "iPhone Developer";
				COPY_PHASE_STRIP = NO;
				DEBUG_INFORMATION_FORMAT = dwarf;
				ENABLE_STRICT_OBJC_MSGSEND = YES;
				ENABLE_TESTABILITY = YES;
				GCC_C_LANGUAGE_STANDARD = gnu99;
				GCC_DYNAMIC_NO_PIC = NO;
				GCC_NO_COMMON_BLOCKS = YES;
				GCC_OPTIMIZATION_LEVEL = 0;
				GCC_PREPROCESSOR_DEFINITIONS = (
					"DEBUG=1",
					"$(inherited)",
				);
				GCC_WARN_64_TO_32_BIT_CONVERSION = YES;
				GCC_WARN_ABOUT_RETURN_TYPE = YES_ERROR;
				GCC_WARN_UNDECLARED_SELECTOR = YES;
				GCC_WARN_UNINITIALIZED_AUTOS = YES_AGGRESSIVE;
				GCC_WARN_UNUSED_FUNCTION = YES;
				GCC_WARN_UNUSED_VARIABLE = YES;
				IPHONEOS_DEPLOYMENT_TARGET = 9.2;
				MTL_ENABLE_DEBUG_INFO = YES;
				ONLY_ACTIVE_ARCH = YES;
				SDKROOT = iphoneos;
				SWIFT_OPTIMIZATION_LEVEL = "-Onone";
				TARGETED_DEVICE_FAMILY = "1,2";
			};
			name = Debug;
		};
		D3F802851DA2A7C7002456A3 /* Release */ = {
			isa = XCBuildConfiguration;
			buildSettings = {
				ALWAYS_SEARCH_USER_PATHS = NO;
				CLANG_CXX_LANGUAGE_STANDARD = "gnu++0x";
				CLANG_CXX_LIBRARY = "libc++";
				CLANG_ENABLE_MODULES = YES;
				CLANG_ENABLE_OBJC_ARC = YES;
				CLANG_WARN_BOOL_CONVERSION = YES;
				CLANG_WARN_CONSTANT_CONVERSION = YES;
				CLANG_WARN_DIRECT_OBJC_ISA_USAGE = YES_ERROR;
				CLANG_WARN_EMPTY_BODY = YES;
				CLANG_WARN_ENUM_CONVERSION = YES;
				CLANG_WARN_INT_CONVERSION = YES;
				CLANG_WARN_OBJC_ROOT_CLASS = YES_ERROR;
				CLANG_WARN_UNREACHABLE_CODE = YES;
				CLANG_WARN__DUPLICATE_METHOD_MATCH = YES;
				"CODE_SIGN_IDENTITY[sdk=iphoneos*]" = "iPhone Developer";
				COPY_PHASE_STRIP = NO;
				DEBUG_INFORMATION_FORMAT = "dwarf-with-dsym";
				ENABLE_NS_ASSERTIONS = NO;
				ENABLE_STRICT_OBJC_MSGSEND = YES;
				GCC_C_LANGUAGE_STANDARD = gnu99;
				GCC_NO_COMMON_BLOCKS = YES;
				GCC_WARN_64_TO_32_BIT_CONVERSION = YES;
				GCC_WARN_ABOUT_RETURN_TYPE = YES_ERROR;
				GCC_WARN_UNDECLARED_SELECTOR = YES;
				GCC_WARN_UNINITIALIZED_AUTOS = YES_AGGRESSIVE;
				GCC_WARN_UNUSED_FUNCTION = YES;
				GCC_WARN_UNUSED_VARIABLE = YES;
				IPHONEOS_DEPLOYMENT_TARGET = 9.2;
				MTL_ENABLE_DEBUG_INFO = NO;
				SDKROOT = iphoneos;
				TARGETED_DEVICE_FAMILY = "1,2";
				VALIDATE_PRODUCT = YES;
			};
			name = Release;
		};
		D3F802871DA2A7C7002456A3 /* Debug */ = {
			isa = XCBuildConfiguration;
			buildSettings = {
				ASSETCATALOG_COMPILER_APPICON_NAME = AppIcon;
				INFOPLIST_FILE = AboutME/Info.plist;
				LD_RUNPATH_SEARCH_PATHS = "$(inherited) @executable_path/Frameworks";
				PRODUCT_BUNDLE_IDENTIFIER = CTEC.AboutME;
				PRODUCT_NAME = "$(TARGET_NAME)";
			};
			name = Debug;
		};
		D3F802881DA2A7C7002456A3 /* Release */ = {
			isa = XCBuildConfiguration;
			buildSettings = {
				ASSETCATALOG_COMPILER_APPICON_NAME = AppIcon;
				INFOPLIST_FILE = AboutME/Info.plist;
				LD_RUNPATH_SEARCH_PATHS = "$(inherited) @executable_path/Frameworks";
				PRODUCT_BUNDLE_IDENTIFIER = CTEC.AboutME;
				PRODUCT_NAME = "$(TARGET_NAME)";
			};
			name = Release;
		};
/* End XCBuildConfiguration section */

/* Begin XCConfigurationList section */
		D3F8026F1DA2A7C7002456A3 /* Build configuration list for PBXProject "AboutME" */ = {
			isa = XCConfigurationList;
			buildConfigurations = (
				D3F802841DA2A7C7002456A3 /* Debug */,
				D3F802851DA2A7C7002456A3 /* Release */,
			);
			defaultConfigurationIsVisible = 0;
			defaultConfigurationName = Release;
		};
		D3F802861DA2A7C7002456A3 /* Build configuration list for PBXNativeTarget "AboutME" */ = {
			isa = XCConfigurationList;
			buildConfigurations = (
				D3F802871DA2A7C7002456A3 /* Debug */,
				D3F802881DA2A7C7002456A3 /* Release */,
			);
			defaultConfigurationIsVisible = 0;
			defaultConfigurationName = Release;
		};
/* End XCConfigurationList section */
	};
	rootObject = D3F8026C1DA2A7C7002456A3 /* Project object */;
}
